
Microsoft Visual Studio Solution File, Format Version 12.00
# Visual Studio 15
VisualStudioVersion = 15.0.28307.329
MinimumVisualStudioVersion = 10.0.40219.1
Project("{FAE04EC0-301F-11D3-BF4B-00C04F79EFBC}") = "Produtos.Android", "Produtos\Produtos.Android\Produtos.Android.csproj", "{2EEAED38-FB50-426F-8BFA-D6DCF6EB8519}"
EndProject
Project("{FAE04EC0-301F-11D3-BF4B-00C04F79EFBC}") = "Produtos.iOS", "Produtos\Produtos.iOS\Produtos.iOS.csproj", "{490F9FD1-8F45-4092-9107-BF08EAFBF5BF}"
EndProject
Project("{FAE04EC0-301F-11D3-BF4B-00C04F79EFBC}") = "Produtos.UWP", "Produtos\Produtos.UWP\Produtos.UWP.csproj", "{BBC4D553-F364-4939-AF90-FEA0093B29ED}"
EndProject
Project("{FAE04EC0-301F-11D3-BF4B-00C04F79EFBC}") = "Produtos", "Produtos\Produtos\Produtos.csproj", "{32FD2D65-2103-40A4-A8CB-CB2952AB4555}"
EndProject
Global
	GlobalSection(SolutionConfigurationPlatforms) = preSolution
		Ad-Hoc|Any CPU = Ad-Hoc|Any CPU
		Ad-Hoc|ARM = Ad-Hoc|ARM
		Ad-Hoc|iPhone = Ad-Hoc|iPhone
		Ad-Hoc|iPhoneSimulator = Ad-Hoc|iPhoneSimulator
		Ad-Hoc|x64 = Ad-Hoc|x64
		Ad-Hoc|x86 = Ad-Hoc|x86
		AppStore|Any CPU = AppStore|Any CPU
		AppStore|ARM = AppStore|ARM
		AppStore|iPhone = AppStore|iPhone
		AppStore|iPhoneSimulator = AppStore|iPhoneSimulator
		AppStore|x64 = AppStore|x64
		AppStore|x86 = AppStore|x86
		Debug|Any CPU = Debug|Any CPU
		Debug|ARM = Debug|ARM
		Debug|iPhone = Debug|iPhone
		Debug|iPhoneSimulator = Debug|iPhoneSimulator
		Debug|x64 = Debug|x64
		Debug|x86 = Debug|x86
		Release|Any CPU = Release|Any CPU
		Release|ARM = Release|ARM
		Release|iPhone = Release|iPhone
		Release|iPhoneSimulator = Release|iPhoneSimulator
		Release|x64 = Release|x64
		Release|x86 = Release|x86
	EndGlobalSection
	GlobalSection(ProjectConfigurationPlatforms) = postSolution
		{2EEAED38-FB50-426F-8BFA-D6DCF6EB8519}.Ad-Hoc|Any CPU.ActiveCfg = Release|Any CPU
		{2EEAED38-FB50-426F-8BFA-D6DCF6EB8519}.Ad-Hoc|Any CPU.Build.0 = Release|Any CPU
		{2EEAED38-FB50-426F-8BFA-D6DCF6EB8519}.Ad-Hoc|Any CPU.Deploy.0 = Release|Any CPU
		{2EEAED38-FB50-426F-8BFA-D6DCF6EB8519}.Ad-Hoc|ARM.ActiveCfg = Release|Any CPU
		{2EEAED38-FB50-426F-8BFA-D6DCF6EB8519}.Ad-Hoc|ARM.Build.0 = Release|Any CPU
		{2EEAED38-FB50-426F-8BFA-D6DCF6EB8519}.Ad-Hoc|ARM.Deploy.0 = Release|Any CPU
		{2EEAED38-FB50-426F-8BFA-D6DCF6EB8519}.Ad-Hoc|iPhone.ActiveCfg = Release|Any CPU
		{2EEAED38-FB50-426F-8BFA-D6DCF6EB8519}.Ad-Hoc|iPhone.Build.0 = Release|Any CPU
		{2EEAED38-FB50-426F-8BFA-D6DCF6EB8519}.Ad-Hoc|iPhone.Deploy.0 = Release|Any CPU
		{2EEAED38-FB50-426F-8BFA-D6DCF6EB8519}.Ad-Hoc|iPhoneSimulator.ActiveCfg = Release|Any CPU
		{2EEAED38-FB50-426F-8BFA-D6DCF6EB8519}.Ad-Hoc|iPhoneSimulator.Build.0 = Release|Any CPU
		{2EEAED38-FB50-426F-8BFA-D6DCF6EB8519}.Ad-Hoc|iPhoneSimulator.Deploy.0 = Release|Any CPU
		{2EEAED38-FB50-426F-8BFA-D6DCF6EB8519}.Ad-Hoc|x64.ActiveCfg = Release|Any CPU
		{2EEAED38-FB50-426F-8BFA-D6DCF6EB8519}.Ad-Hoc|x64.Build.0 = Release|Any CPU
		{2EEAED38-FB50-426F-8BFA-D6DCF6EB8519}.Ad-Hoc|x64.Deploy.0 = Release|Any CPU
		{2EEAED38-FB50-426F-8BFA-D6DCF6EB8519}.Ad-Hoc|x86.ActiveCfg = Release|Any CPU
		{2EEAED38-FB50-426F-8BFA-D6DCF6EB8519}.Ad-Hoc|x86.Build.0 = Release|Any CPU
		{2EEAED38-FB50-426F-8BFA-D6DCF6EB8519}.Ad-Hoc|x86.Deploy.0 = Release|Any CPU
		{2EEAED38-FB50-426F-8BFA-D6DCF6EB8519}.AppStore|Any CPU.ActiveCfg = Release|Any CPU
		{2EEAED38-FB50-426F-8BFA-D6DCF6EB8519}.AppStore|Any CPU.Build.0 = Release|Any CPU
		{2EEAED38-FB50-426F-8BFA-D6DCF6EB8519}.AppStore|Any CPU.Deploy.0 = Release|Any CPU
		{2EEAED38-FB50-426F-8BFA-D6DCF6EB8519}.AppStore|ARM.ActiveCfg = Release|Any CPU
		{2EEAED38-FB50-426F-8BFA-D6DCF6EB8519}.AppStore|ARM.Build.0 = Release|Any CPU
		{2EEAED38-FB50-426F-8BFA-D6DCF6EB8519}.AppStore|ARM.Deploy.0 = Release|Any CPU
		{2EEAED38-FB50-426F-8BFA-D6DCF6EB8519}.AppStore|iPhone.ActiveCfg = Release|Any CPU
		{2EEAED38-FB50-426F-8BFA-D6DCF6EB8519}.AppStore|iPhone.Build.0 = Release|Any CPU
		{2EEAED38-FB50-426F-8BFA-D6DCF6EB8519}.AppStore|iPhone.Deploy.0 = Release|Any CPU
		{2EEAED38-FB50-426F-8BFA-D6DCF6EB8519}.AppStore|iPhoneSimulator.ActiveCfg = Release|Any CPU
		{2EEAED38-FB50-426F-8BFA-D6DCF6EB8519}.AppStore|iPhoneSimulator.Build.0 = Release|Any CPU
		{2EEAED38-FB50-426F-8BFA-D6DCF6EB8519}.AppStore|iPhoneSimulator.Deploy.0 = Release|Any CPU
		{2EEAED38-FB50-426F-8BFA-D6DCF6EB8519}.AppStore|x64.ActiveCfg = Release|Any CPU
		{2EEAED38-FB50-426F-8BFA-D6DCF6EB8519}.AppStore|x64.Build.0 = Release|Any CPU
		{2EEAED38-FB50-426F-8BFA-D6DCF6EB8519}.AppStore|x64.Deploy.0 = Release|Any CPU
		{2EEAED38-FB50-426F-8BFA-D6DCF6EB8519}.AppStore|x86.ActiveCfg = Release|Any CPU
		{2EEAED38-FB50-426F-8BFA-D6DCF6EB8519}.AppStore|x86.Build.0 = Release|Any CPU
		{2EEAED38-FB50-426F-8BFA-D6DCF6EB8519}.AppStore|x86.Deploy.0 = Release|Any CPU
		{2EEAED38-FB50-426F-8BFA-D6DCF6EB8519}.Debug|Any CPU.ActiveCfg = Debug|Any CPU
		{2EEAED38-FB50-426F-8BFA-D6DCF6EB8519}.Debug|Any CPU.Build.0 = Debug|Any CPU
		{2EEAED38-FB50-426F-8BFA-D6DCF6EB8519}.Debug|Any CPU.Deploy.0 = Debug|Any CPU
		{2EEAED38-FB50-426F-8BFA-D6DCF6EB8519}.Debug|ARM.ActiveCfg = Debug|Any CPU
		{2EEAED38-FB50-426F-8BFA-D6DCF6EB8519}.Debug|ARM.Build.0 = Debug|Any CPU
		{2EEAED38-FB50-426F-8BFA-D6DCF6EB8519}.Debug|ARM.Deploy.0 = Debug|Any CPU
		{2EEAED38-FB50-426F-8BFA-D6DCF6EB8519}.Debug|iPhone.ActiveCfg = Debug|Any CPU
		{2EEAED38-FB50-426F-8BFA-D6DCF6EB8519}.Debug|iPhone.Build.0 = Debug|Any CPU
		{2EEAED38-FB50-426F-8BFA-D6DCF6EB8519}.Debug|iPhone.Deploy.0 = Debug|Any CPU
		{2EEAED38-FB50-426F-8BFA-D6DCF6EB8519}.Debug|iPhoneSimulator.ActiveCfg = Debug|Any CPU
		{2EEAED38-FB50-426F-8BFA-D6DCF6EB8519}.Debug|iPhoneSimulator.Build.0 = Debug|Any CPU
		{2EEAED38-FB50-426F-8BFA-D6DCF6EB8519}.Debug|iPhoneSimulator.Deploy.0 = Debug|Any CPU
		{2EEAED38-FB50-426F-8BFA-D6DCF6EB8519}.Debug|x64.ActiveCfg = Debug|Any CPU
		{2EEAED38-FB50-426F-8BFA-D6DCF6EB8519}.Debug|x64.Build.0 = Debug|Any CPU
		{2EEAED38-FB50-426F-8BFA-D6DCF6EB8519}.Debug|x64.Deploy.0 = Debug|Any CPU
		{2EEAED38-FB50-426F-8BFA-D6DCF6EB8519}.Debug|x86.ActiveCfg = Debug|Any CPU
		{2EEAED38-FB50-426F-8BFA-D6DCF6EB8519}.Debug|x86.Build.0 = Debug|Any CPU
		{2EEAED38-FB50-426F-8BFA-D6DCF6EB8519}.Debug|x86.Deploy.0 = Debug|Any CPU
		{2EEAED38-FB50-426F-8BFA-D6DCF6EB8519}.Release|Any CPU.ActiveCfg = Release|Any CPU
		{2EEAED38-FB50-426F-8BFA-D6DCF6EB8519}.Release|Any CPU.Build.0 = Release|Any CPU
		{2EEAED38-FB50-426F-8BFA-D6DCF6EB8519}.Release|Any CPU.Deploy.0 = Release|Any CPU
		{2EEAED38-FB50-426F-8BFA-D6DCF6EB8519}.Release|ARM.ActiveCfg = Release|Any CPU
		{2EEAED38-FB50-426F-8BFA-D6DCF6EB8519}.Release|ARM.Build.0 = Release|Any CPU
		{2EEAED38-FB50-426F-8BFA-D6DCF6EB8519}.Release|ARM.Deploy.0 = Release|Any CPU
		{2EEAED38-FB50-426F-8BFA-D6DCF6EB8519}.Release|iPhone.ActiveCfg = Release|Any CPU
		{2EEAED38-FB50-426F-8BFA-D6DCF6EB8519}.Release|iPhone.Build.0 = Release|Any CPU
		{2EEAED38-FB50-426F-8BFA-D6DCF6EB8519}.Release|iPhone.Deploy.0 = Release|Any CPU
		{2EEAED38-FB50-426F-8BFA-D6DCF6EB8519}.Release|iPhoneSimulator.ActiveCfg = Release|Any CPU
		{2EEAED38-FB50-426F-8BFA-D6DCF6EB8519}.Release|iPhoneSimulator.Build.0 = Release|Any CPU
		{2EEAED38-FB50-426F-8BFA-D6DCF6EB8519}.Release|iPhoneSimulator.Deploy.0 = Release|Any CPU
		{2EEAED38-FB50-426F-8BFA-D6DCF6EB8519}.Release|x64.ActiveCfg = Release|Any CPU
		{2EEAED38-FB50-426F-8BFA-D6DCF6EB8519}.Release|x64.Build.0 = Release|Any CPU
		{2EEAED38-FB50-426F-8BFA-D6DCF6EB8519}.Release|x64.Deploy.0 = Release|Any CPU
		{2EEAED38-FB50-426F-8BFA-D6DCF6EB8519}.Release|x86.ActiveCfg = Release|Any CPU
		{2EEAED38-FB50-426F-8BFA-D6DCF6EB8519}.Release|x86.Build.0 = Release|Any CPU
		{2EEAED38-FB50-426F-8BFA-D6DCF6EB8519}.Release|x86.Deploy.0 = Release|Any CPU
		{490F9FD1-8F45-4092-9107-BF08EAFBF5BF}.Ad-Hoc|Any CPU.ActiveCfg = Ad-Hoc|iPhone
		{490F9FD1-8F45-4092-9107-BF08EAFBF5BF}.Ad-Hoc|Any CPU.Build.0 = Ad-Hoc|iPhone
		{490F9FD1-8F45-4092-9107-BF08EAFBF5BF}.Ad-Hoc|Any CPU.Deploy.0 = Ad-Hoc|iPhone
		{490F9FD1-8F45-4092-9107-BF08EAFBF5BF}.Ad-Hoc|ARM.ActiveCfg = Ad-Hoc|iPhone
		{490F9FD1-8F45-4092-9107-BF08EAFBF5BF}.Ad-Hoc|ARM.Build.0 = Ad-Hoc|iPhone
		{490F9FD1-8F45-4092-9107-BF08EAFBF5BF}.Ad-Hoc|ARM.Deploy.0 = Ad-Hoc|iPhone
		{490F9FD1-8F45-4092-9107-BF08EAFBF5BF}.Ad-Hoc|iPhone.ActiveCfg = Ad-Hoc|iPhone
		{490F9FD1-8F45-4092-9107-BF08EAFBF5BF}.Ad-Hoc|iPhone.Build.0 = Ad-Hoc|iPhone
		{490F9FD1-8F45-4092-9107-BF08EAFBF5BF}.Ad-Hoc|iPhone.Deploy.0 = Ad-Hoc|iPhone
		{490F9FD1-8F45-4092-9107-BF08EAFBF5BF}.Ad-Hoc|iPhoneSimulator.ActiveCfg = Ad-Hoc|iPhoneSimulator
		{490F9FD1-8F45-4092-9107-BF08EAFBF5BF}.Ad-Hoc|iPhoneSimulator.Build.0 = Ad-Hoc|iPhoneSimulator
		{490F9FD1-8F45-4092-9107-BF08EAFBF5BF}.Ad-Hoc|iPhoneSimulator.Deploy.0 = Ad-Hoc|iPhoneSimulator
		{490F9FD1-8F45-4092-9107-BF08EAFBF5BF}.Ad-Hoc|x64.ActiveCfg = Ad-Hoc|iPhone
		{490F9FD1-8F45-4092-9107-BF08EAFBF5BF}.Ad-Hoc|x64.Build.0 = Ad-Hoc|iPhone
		{490F9FD1-8F45-4092-9107-BF08EAFBF5BF}.Ad-Hoc|x64.Deploy.0 = Ad-Hoc|iPhone
		{490F9FD1-8F45-4092-9107-BF08EAFBF5BF}.Ad-Hoc|x86.ActiveCfg = Ad-Hoc|iPhone
		{490F9FD1-8F45-4092-9107-BF08EAFBF5BF}.Ad-Hoc|x86.Build.0 = Ad-Hoc|iPhone
		{490F9FD1-8F45-4092-9107-BF08EAFBF5BF}.Ad-Hoc|x86.Deploy.0 = Ad-Hoc|iPhone
		{490F9FD1-8F45-4092-9107-BF08EAFBF5BF}.AppStore|Any CPU.ActiveCfg = AppStore|iPhone
		{490F9FD1-8F45-4092-9107-BF08EAFBF5BF}.AppStore|Any CPU.Build.0 = AppStore|iPhone
		{490F9FD1-8F45-4092-9107-BF08EAFBF5BF}.AppStore|Any CPU.Deploy.0 = AppStore|iPhone
		{490F9FD1-8F45-4092-9107-BF08EAFBF5BF}.AppStore|ARM.ActiveCfg = AppStore|iPhone
		{490F9FD1-8F45-4092-9107-BF08EAFBF5BF}.AppStore|ARM.Build.0 = AppStore|iPhone
		{490F9FD1-8F45-4092-9107-BF08EAFBF5BF}.AppStore|ARM.Deploy.0 = AppStore|iPhone
		{490F9FD1-8F45-4092-9107-BF08EAFBF5BF}.AppStore|iPhone.ActiveCfg = AppStore|iPhone
		{490F9FD1-8F45-4092-9107-BF08EAFBF5BF}.AppStore|iPhone.Build.0 = AppStore|iPhone
		{490F9FD1-8F45-4092-9107-BF08EAFBF5BF}.AppStore|iPhone.Deploy.0 = AppStore|iPhone
		{490F9FD1-8F45-4092-9107-BF08EAFBF5BF}.AppStore|iPhoneSimulator.ActiveCfg = AppStore|iPhoneSimulator
		{490F9FD1-8F45-4092-9107-BF08EAFBF5BF}.AppStore|iPhoneSimulator.Build.0 = AppStore|iPhoneSimulator
		{490F9FD1-8F45-4092-9107-BF08EAFBF5BF}.AppStore|iPhoneSimulator.Deploy.0 = AppStore|iPhoneSimulator
		{490F9FD1-8F45-4092-9107-BF08EAFBF5BF}.AppStore|x64.ActiveCfg = AppStore|iPhone
		{490F9FD1-8F45-4092-9107-BF08EAFBF5BF}.AppStore|x64.Build.0 = AppStore|iPhone
		{490F9FD1-8F45-4092-9107-BF08EAFBF5BF}.AppStore|x64.Deploy.0 = AppStore|iPhone
		{490F9FD1-8F45-4092-9107-BF08EAFBF5BF}.AppStore|x86.ActiveCfg = AppStore|iPhone
		{490F9FD1-8F45-4092-9107-BF08EAFBF5BF}.AppStore|x86.Build.0 = AppStore|iPhone
		{490F9FD1-8F45-4092-9107-BF08EAFBF5BF}.AppStore|x86.Deploy.0 = AppStore|iPhone
		{490F9FD1-8F45-4092-9107-BF08EAFBF5BF}.Debug|Any CPU.ActiveCfg = Debug|iPhoneSimulator
		{490F9FD1-8F45-4092-9107-BF08EAFBF5BF}.Debug|Any CPU.Build.0 = Debug|iPhoneSimulator
		{490F9FD1-8F45-4092-9107-BF08EAFBF5BF}.Debug|Any CPU.Deploy.0 = Debug|iPhoneSimulator
		{490F9FD1-8F45-4092-9107-BF08EAFBF5BF}.Debug|ARM.ActiveCfg = Debug|iPhone
		{490F9FD1-8F45-4092-9107-BF08EAFBF5BF}.Debug|ARM.Build.0 = Debug|iPhone
		{490F9FD1-8F45-4092-9107-BF08EAFBF5BF}.Debug|ARM.Deploy.0 = Debug|iPhone
		{490F9FD1-8F45-4092-9107-BF08EAFBF5BF}.Debug|iPhone.ActiveCfg = Debug|iPhone
		{490F9FD1-8F45-4092-9107-BF08EAFBF5BF}.Debug|iPhone.Build.0 = Debug|iPhone
		{490F9FD1-8F45-4092-9107-BF08EAFBF5BF}.Debug|iPhone.Deploy.0 = Debug|iPhone
		{490F9FD1-8F45-4092-9107-BF08EAFBF5BF}.Debug|iPhoneSimulator.ActiveCfg = Debug|iPhoneSimulator
		{490F9FD1-8F45-4092-9107-BF08EAFBF5BF}.Debug|iPhoneSimulator.Build.0 = Debug|iPhoneSimulator
		{490F9FD1-8F45-4092-9107-BF08EAFBF5BF}.Debug|iPhoneSimulator.Deploy.0 = Debug|iPhoneSimulator
		{490F9FD1-8F45-4092-9107-BF08EAFBF5BF}.Debug|x64.ActiveCfg = Debug|iPhone
		{490F9FD1-8F45-4092-9107-BF08EAFBF5BF}.Debug|x64.Build.0 = Debug|iPhone
		{490F9FD1-8F45-4092-9107-BF08EAFBF5BF}.Debug|x64.Deploy.0 = Debug|iPhone
		{490F9FD1-8F45-4092-9107-BF08EAFBF5BF}.Debug|x86.ActiveCfg = Debug|iPhone
		{490F9FD1-8F45-4092-9107-BF08EAFBF5BF}.Debug|x86.Build.0 = Debug|iPhone
		{490F9FD1-8F45-4092-9107-BF08EAFBF5BF}.Debug|x86.Deploy.0 = Debug|iPhone
		{490F9FD1-8F45-4092-9107-BF08EAFBF5BF}.Release|Any CPU.ActiveCfg = Release|iPhone
		{490F9FD1-8F45-4092-9107-BF08EAFBF5BF}.Release|Any CPU.Build.0 = Release|iPhone
		{490F9FD1-8F45-4092-9107-BF08EAFBF5BF}.Release|Any CPU.Deploy.0 = Release|iPhone
		{490F9FD1-8F45-4092-9107-BF08EAFBF5BF}.Release|ARM.ActiveCfg = Release|iPhone
		{490F9FD1-8F45-4092-9107-BF08EAFBF5BF}.Release|ARM.Build.0 = Release|iPhone
		{490F9FD1-8F45-4092-9107-BF08EAFBF5BF}.Release|ARM.Deploy.0 = Release|iPhone
		{490F9FD1-8F45-4092-9107-BF08EAFBF5BF}.Release|iPhone.ActiveCfg = Release|iPhone
		{490F9FD1-8F45-4092-9107-BF08EAFBF5BF}.Release|iPhone.Build.0 = Release|iPhone
		{490F9FD1-8F45-4092-9107-BF08EAFBF5BF}.Release|iPhone.Deploy.0 = Release|iPhone
		{490F9FD1-8F45-4092-9107-BF08EAFBF5BF}.Release|iPhoneSimulator.ActiveCfg = Release|iPhoneSimulator
		{490F9FD1-8F45-4092-9107-BF08EAFBF5BF}.Release|iPhoneSimulator.Build.0 = Release|iPhoneSimulator
		{490F9FD1-8F45-4092-9107-BF08EAFBF5BF}.Release|iPhoneSimulator.Deploy.0 = Release|iPhoneSimulator
		{490F9FD1-8F45-4092-9107-BF08EAFBF5BF}.Release|x64.ActiveCfg = Release|iPhone
		{490F9FD1-8F45-4092-9107-BF08EAFBF5BF}.Release|x64.Build.0 = Release|iPhone
		{490F9FD1-8F45-4092-9107-BF08EAFBF5BF}.Release|x64.Deploy.0 = Release|iPhone
		{490F9FD1-8F45-4092-9107-BF08EAFBF5BF}.Release|x86.ActiveCfg = Release|iPhone
		{490F9FD1-8F45-4092-9107-BF08EAFBF5BF}.Release|x86.Build.0 = Release|iPhone
		{490F9FD1-8F45-4092-9107-BF08EAFBF5BF}.Release|x86.Deploy.0 = Release|iPhone
		{BBC4D553-F364-4939-AF90-FEA0093B29ED}.Ad-Hoc|Any CPU.ActiveCfg = Release|x86
		{BBC4D553-F364-4939-AF90-FEA0093B29ED}.Ad-Hoc|Any CPU.Build.0 = Release|x86
		{BBC4D553-F364-4939-AF90-FEA0093B29ED}.Ad-Hoc|Any CPU.Deploy.0 = Release|x86
		{BBC4D553-F364-4939-AF90-FEA0093B29ED}.Ad-Hoc|ARM.ActiveCfg = Release|ARM
		{BBC4D553-F364-4939-AF90-FEA0093B29ED}.Ad-Hoc|ARM.Build.0 = Release|ARM
		{BBC4D553-F364-4939-AF90-FEA0093B29ED}.Ad-Hoc|ARM.Deploy.0 = Release|ARM
		{BBC4D553-F364-4939-AF90-FEA0093B29ED}.Ad-Hoc|iPhone.ActiveCfg = Release|x86
		{BBC4D553-F364-4939-AF90-FEA0093B29ED}.Ad-Hoc|iPhone.Build.0 = Release|x86
		{BBC4D553-F364-4939-AF90-FEA0093B29ED}.Ad-Hoc|iPhone.Deploy.0 = Release|x86
		{BBC4D553-F364-4939-AF90-FEA0093B29ED}.Ad-Hoc|iPhoneSimulator.ActiveCfg = Release|x86
		{BBC4D553-F364-4939-AF90-FEA0093B29ED}.Ad-Hoc|iPhoneSimulator.Build.0 = Release|x86
		{BBC4D553-F364-4939-AF90-FEA0093B29ED}.Ad-Hoc|iPhoneSimulator.Deploy.0 = Release|x86
		{BBC4D553-F364-4939-AF90-FEA0093B29ED}.Ad-Hoc|x64.ActiveCfg = Release|x64
		{BBC4D553-F364-4939-AF90-FEA0093B29ED}.Ad-Hoc|x64.Build.0 = Release|x64
		{BBC4D553-F364-4939-AF90-FEA0093B29ED}.Ad-Hoc|x64.Deploy.0 = Release|x64
		{BBC4D553-F364-4939-AF90-FEA0093B29ED}.Ad-Hoc|x86.ActiveCfg = Release|x86
		{BBC4D553-F364-4939-AF90-FEA0093B29ED}.Ad-Hoc|x86.Build.0 = Release|x86
		{BBC4D553-F364-4939-AF90-FEA0093B29ED}.Ad-Hoc|x86.Deploy.0 = Release|x86
		{BBC4D553-F364-4939-AF90-FEA0093B29ED}.AppStore|Any CPU.ActiveCfg = Release|x86
		{BBC4D553-F364-4939-AF90-FEA0093B29ED}.AppStore|Any CPU.Build.0 = Release|x86
		{BBC4D553-F364-4939-AF90-FEA0093B29ED}.AppStore|Any CPU.Deploy.0 = Release|x86
		{BBC4D553-F364-4939-AF90-FEA0093B29ED}.AppStore|ARM.ActiveCfg = Release|ARM
		{BBC4D553-F364-4939-AF90-FEA0093B29ED}.AppStore|ARM.Build.0 = Release|ARM
		{BBC4D553-F364-4939-AF90-FEA0093B29ED}.AppStore|ARM.Deploy.0 = Release|ARM
		{BBC4D553-F364-4939-AF90-FEA0093B29ED}.AppStore|iPhone.ActiveCfg = Release|x86
		{BBC4D553-F364-4939-AF90-FEA0093B29ED}.AppStore|iPhone.Build.0 = Release|x86
		{BBC4D553-F364-4939-AF90-FEA0093B29ED}.AppStore|iPhone.Deploy.0 = Release|x86
		{BBC4D553-F364-4939-AF90-FEA0093B29ED}.AppStore|iPhoneSimulator.ActiveCfg = Release|x86
		{BBC4D553-F364-4939-AF90-FEA0093B29ED}.AppStore|iPhoneSimulator.Build.0 = Release|x86
		{BBC4D553-F364-4939-AF90-FEA0093B29ED}.AppStore|iPhoneSimulator.Deploy.0 = Release|x86
		{BBC4D553-F364-4939-AF90-FEA0093B29ED}.AppStore|x64.ActiveCfg = Release|x64
		{BBC4D553-F364-4939-AF90-FEA0093B29ED}.AppStore|x64.Build.0 = Release|x64
		{BBC4D553-F364-4939-AF90-FEA0093B29ED}.AppStore|x64.Deploy.0 = Release|x64
		{BBC4D553-F364-4939-AF90-FEA0093B29ED}.AppStore|x86.ActiveCfg = Release|x86
		{BBC4D553-F364-4939-AF90-FEA0093B29ED}.AppStore|x86.Build.0 = Release|x86
		{BBC4D553-F364-4939-AF90-FEA0093B29ED}.AppStore|x86.Deploy.0 = Release|x86
		{BBC4D553-F364-4939-AF90-FEA0093B29ED}.Debug|Any CPU.ActiveCfg = Debug|x86
		{BBC4D553-F364-4939-AF90-FEA0093B29ED}.Debug|Any CPU.Build.0 = Debug|x86
		{BBC4D553-F364-4939-AF90-FEA0093B29ED}.Debug|Any CPU.Deploy.0 = Debug|x86
		{BBC4D553-F364-4939-AF90-FEA0093B29ED}.Debug|ARM.ActiveCfg = Debug|ARM
		{BBC4D553-F364-4939-AF90-FEA0093B29ED}.Debug|ARM.Build.0 = Debug|ARM
		{BBC4D553-F364-4939-AF90-FEA0093B29ED}.Debug|ARM.Deploy.0 = Debug|ARM
		{BBC4D553-F364-4939-AF90-FEA0093B29ED}.Debug|iPhone.ActiveCfg = Debug|x86
		{BBC4D553-F364-4939-AF90-FEA0093B29ED}.Debug|iPhone.Build.0 = Debug|x86
		{BBC4D553-F364-4939-AF90-FEA0093B29ED}.Debug|iPhone.Deploy.0 = Debug|x86
		{BBC4D553-F364-4939-AF90-FEA0093B29ED}.Debug|iPhoneSimulator.ActiveCfg = Debug|x86
		{BBC4D553-F364-4939-AF90-FEA0093B29ED}.Debug|iPhoneSimulator.Build.0 = Debug|x86
		{BBC4D553-F364-4939-AF90-FEA0093B29ED}.Debug|iPhoneSimulator.Deploy.0 = Debug|x86
		{BBC4D553-F364-4939-AF90-FEA0093B29ED}.Debug|x64.ActiveCfg = Debug|x64
		{BBC4D553-F364-4939-AF90-FEA0093B29ED}.Debug|x64.Build.0 = Debug|x64
		{BBC4D553-F364-4939-AF90-FEA0093B29ED}.Debug|x64.Deploy.0 = Debug|x64
		{BBC4D553-F364-4939-AF90-FEA0093B29ED}.Debug|x86.ActiveCfg = Debug|x86
		{BBC4D553-F364-4939-AF90-FEA0093B29ED}.Debug|x86.Build.0 = Debug|x86
		{BBC4D553-F364-4939-AF90-FEA0093B29ED}.Debug|x86.Deploy.0 = Debug|x86
		{BBC4D553-F364-4939-AF90-FEA0093B29ED}.Release|Any CPU.ActiveCfg = Release|x86
		{BBC4D553-F364-4939-AF90-FEA0093B29ED}.Release|Any CPU.Build.0 = Release|x86
		{BBC4D553-F364-4939-AF90-FEA0093B29ED}.Release|Any CPU.Deploy.0 = Release|x86
		{BBC4D553-F364-4939-AF90-FEA0093B29ED}.Release|ARM.ActiveCfg = Release|ARM
		{BBC4D553-F364-4939-AF90-FEA0093B29ED}.Release|ARM.Build.0 = Release|ARM
		{BBC4D553-F364-4939-AF90-FEA0093B29ED}.Release|ARM.Deploy.0 = Release|ARM
		{BBC4D553-F364-4939-AF90-FEA0093B29ED}.Release|iPhone.ActiveCfg = Release|x86
		{BBC4D553-F364-4939-AF90-FEA0093B29ED}.Release|iPhone.Build.0 = Release|x86
		{BBC4D553-F364-4939-AF90-FEA0093B29ED}.Release|iPhone.Deploy.0 = Release|x86
		{BBC4D553-F364-4939-AF90-FEA0093B29ED}.Release|iPhoneSimulator.ActiveCfg = Release|x86
		{BBC4D553-F364-4939-AF90-FEA0093B29ED}.Release|iPhoneSimulator.Build.0 = Release|x86
		{BBC4D553-F364-4939-AF90-FEA0093B29ED}.Release|iPhoneSimulator.Deploy.0 = Release|x86
		{BBC4D553-F364-4939-AF90-FEA0093B29ED}.Release|x64.ActiveCfg = Release|x64
		{BBC4D553-F364-4939-AF90-FEA0093B29ED}.Release|x64.Build.0 = Release|x64
		{BBC4D553-F364-4939-AF90-FEA0093B29ED}.Release|x64.Deploy.0 = Release|x64
		{BBC4D553-F364-4939-AF90-FEA0093B29ED}.Release|x86.ActiveCfg = Release|x86
		{BBC4D553-F364-4939-AF90-FEA0093B29ED}.Release|x86.Build.0 = Release|x86
		{BBC4D553-F364-4939-AF90-FEA0093B29ED}.Release|x86.Deploy.0 = Release|x86
		{32FD2D65-2103-40A4-A8CB-CB2952AB4555}.Ad-Hoc|Any CPU.ActiveCfg = Debug|Any CPU
		{32FD2D65-2103-40A4-A8CB-CB2952AB4555}.Ad-Hoc|Any CPU.Build.0 = Debug|Any CPU
		{32FD2D65-2103-40A4-A8CB-CB2952AB4555}.Ad-Hoc|Any CPU.Deploy.0 = Debug|Any CPU
		{32FD2D65-2103-40A4-A8CB-CB2952AB4555}.Ad-Hoc|ARM.ActiveCfg = Debug|Any CPU
		{32FD2D65-2103-40A4-A8CB-CB2952AB4555}.Ad-Hoc|ARM.Build.0 = Debug|Any CPU
		{32FD2D65-2103-40A4-A8CB-CB2952AB4555}.Ad-Hoc|ARM.Deploy.0 = Debug|Any CPU
		{32FD2D65-2103-40A4-A8CB-CB2952AB4555}.Ad-Hoc|iPhone.ActiveCfg = Debug|Any CPU
		{32FD2D65-2103-40A4-A8CB-CB2952AB4555}.Ad-Hoc|iPhone.Build.0 = Debug|Any CPU
		{32FD2D65-2103-40A4-A8CB-CB2952AB4555}.Ad-Hoc|iPhone.Deploy.0 = Debug|Any CPU
		{32FD2D65-2103-40A4-A8CB-CB2952AB4555}.Ad-Hoc|iPhoneSimulator.ActiveCfg = Debug|Any CPU
		{32FD2D65-2103-40A4-A8CB-CB2952AB4555}.Ad-Hoc|iPhoneSimulator.Build.0 = Debug|Any CPU
		{32FD2D65-2103-40A4-A8CB-CB2952AB4555}.Ad-Hoc|iPhoneSimulator.Deploy.0 = Debug|Any CPU
		{32FD2D65-2103-40A4-A8CB-CB2952AB4555}.Ad-Hoc|x64.ActiveCfg = Debug|Any CPU
		{32FD2D65-2103-40A4-A8CB-CB2952AB4555}.Ad-Hoc|x64.Build.0 = Debug|Any CPU
		{32FD2D65-2103-40A4-A8CB-CB2952AB4555}.Ad-Hoc|x64.Deploy.0 = Debug|Any CPU
		{32FD2D65-2103-40A4-A8CB-CB2952AB4555}.Ad-Hoc|x86.ActiveCfg = Debug|Any CPU
		{32FD2D65-2103-40A4-A8CB-CB2952AB4555}.Ad-Hoc|x86.Build.0 = Debug|Any CPU
		{32FD2D65-2103-40A4-A8CB-CB2952AB4555}.Ad-Hoc|x86.Deploy.0 = Debug|Any CPU
		{32FD2D65-2103-40A4-A8CB-CB2952AB4555}.AppStore|Any CPU.ActiveCfg = Debug|Any CPU
		{32FD2D65-2103-40A4-A8CB-CB2952AB4555}.AppStore|Any CPU.Build.0 = Debug|Any CPU
		{32FD2D65-2103-40A4-A8CB-CB2952AB4555}.AppStore|Any CPU.Deploy.0 = Debug|Any CPU
		{32FD2D65-2103-40A4-A8CB-CB2952AB4555}.AppStore|ARM.ActiveCfg = Debug|Any CPU
		{32FD2D65-2103-40A4-A8CB-CB2952AB4555}.AppStore|ARM.Build.0 = Debug|Any CPU
		{32FD2D65-2103-40A4-A8CB-CB2952AB4555}.AppStore|ARM.Deploy.0 = Debug|Any CPU
		{32FD2D65-2103-40A4-A8CB-CB2952AB4555}.AppStore|iPhone.ActiveCfg = Debug|Any CPU
		{32FD2D65-2103-40A4-A8CB-CB2952AB4555}.AppStore|iPhone.Build.0 = Debug|Any CPU
		{32FD2D65-2103-40A4-A8CB-CB2952AB4555}.AppStore|iPhone.Deploy.0 = Debug|Any CPU
		{32FD2D65-2103-40A4-A8CB-CB2952AB4555}.AppStore|iPhoneSimulator.ActiveCfg = Debug|Any CPU
		{32FD2D65-2103-40A4-A8CB-CB2952AB4555}.AppStore|iPhoneSimulator.Build.0 = Debug|Any CPU
		{32FD2D65-2103-40A4-A8CB-CB2952AB4555}.AppStore|iPhoneSimulator.Deploy.0 = Debug|Any CPU
		{32FD2D65-2103-40A4-A8CB-CB2952AB4555}.AppStore|x64.ActiveCfg = Debug|Any CPU
		{32FD2D65-2103-40A4-A8CB-CB2952AB4555}.AppStore|x64.Build.0 = Debug|Any CPU
		{32FD2D65-2103-40A4-A8CB-CB2952AB4555}.AppStore|x64.Deploy.0 = Debug|Any CPU
		{32FD2D65-2103-40A4-A8CB-CB2952AB4555}.AppStore|x86.ActiveCfg = Debug|Any CPU
		{32FD2D65-2103-40A4-A8CB-CB2952AB4555}.AppStore|x86.Build.0 = Debug|Any CPU
		{32FD2D65-2103-40A4-A8CB-CB2952AB4555}.AppStore|x86.Deploy.0 = Debug|Any CPU
		{32FD2D65-2103-40A4-A8CB-CB2952AB4555}.Debug|Any CPU.ActiveCfg = Debug|Any CPU
		{32FD2D65-2103-40A4-A8CB-CB2952AB4555}.Debug|Any CPU.Build.0 = Debug|Any CPU
		{32FD2D65-2103-40A4-A8CB-CB2952AB4555}.Debug|Any CPU.Deploy.0 = Debug|Any CPU
		{32FD2D65-2103-40A4-A8CB-CB2952AB4555}.Debug|ARM.ActiveCfg = Debug|Any CPU
		{32FD2D65-2103-40A4-A8CB-CB2952AB4555}.Debug|ARM.Build.0 = Debug|Any CPU
		{32FD2D65-2103-40A4-A8CB-CB2952AB4555}.Debug|ARM.Deploy.0 = Debug|Any CPU
		{32FD2D65-2103-40A4-A8CB-CB2952AB4555}.Debug|iPhone.ActiveCfg = Debug|Any CPU
		{32FD2D65-2103-40A4-A8CB-CB2952AB4555}.Debug|iPhone.Build.0 = Debug|Any CPU
		{32FD2D65-2103-40A4-A8CB-CB2952AB4555}.Debug|iPhone.Deploy.0 = Debug|Any CPU
		{32FD2D65-2103-40A4-A8CB-CB2952AB4555}.Debug|iPhoneSimulator.ActiveCfg = Debug|Any CPU
		{32FD2D65-2103-40A4-A8CB-CB2952AB4555}.Debug|iPhoneSimulator.Build.0 = Debug|Any CPU
		{32FD2D65-2103-40A4-A8CB-CB2952AB4555}.Debug|iPhoneSimulator.Deploy.0 = Debug|Any CPU
		{32FD2D65-2103-40A4-A8CB-CB2952AB4555}.Debug|x64.ActiveCfg = Debug|Any CPU
		{32FD2D65-2103-40A4-A8CB-CB2952AB4555}.Debug|x64.Build.0 = Debug|Any CPU
		{32FD2D65-2103-40A4-A8CB-CB2952AB4555}.Debug|x64.Deploy.0 = Debug|Any CPU
		{32FD2D65-2103-40A4-A8CB-CB2952AB4555}.Debug|x86.ActiveCfg = Debug|Any CPU
		{32FD2D65-2103-40A4-A8CB-CB2952AB4555}.Debug|x86.Build.0 = Debug|Any CPU
		{32FD2D65-2103-40A4-A8CB-CB2952AB4555}.Debug|x86.Deploy.0 = Debug|Any CPU
		{32FD2D65-2103-40A4-A8CB-CB2952AB4555}.Release|Any CPU.ActiveCfg = Release|Any CPU
		{32FD2D65-2103-40A4-A8CB-CB2952AB4555}.Release|Any CPU.Build.0 = Release|Any CPU
		{32FD2D65-2103-40A4-A8CB-CB2952AB4555}.Release|Any CPU.Deploy.0 = Release|Any CPU
		{32FD2D65-2103-40A4-A8CB-CB2952AB4555}.Release|ARM.ActiveCfg = Release|Any CPU
		{32FD2D65-2103-40A4-A8CB-CB2952AB4555}.Release|ARM.Build.0 = Release|Any CPU
		{32FD2D65-2103-40A4-A8CB-CB2952AB4555}.Release|ARM.Deploy.0 = Release|Any CPU
		{32FD2D65-2103-40A4-A8CB-CB2952AB4555}.Release|iPhone.ActiveCfg = Release|Any CPU
		{32FD2D65-2103-40A4-A8CB-CB2952AB4555}.Release|iPhone.Build.0 = Release|Any CPU
		{32FD2D65-2103-40A4-A8CB-CB2952AB4555}.Release|iPhone.Deploy.0 = Release|Any CPU
		{32FD2D65-2103-40A4-A8CB-CB2952AB4555}.Release|iPhoneSimulator.ActiveCfg = Release|Any CPU
		{32FD2D65-2103-40A4-A8CB-CB2952AB4555}.Release|iPhoneSimulator.Build.0 = Release|Any CPU
		{32FD2D65-2103-40A4-A8CB-CB2952AB4555}.Release|iPhoneSimulator.Deploy.0 = Release|Any CPU
		{32FD2D65-2103-40A4-A8CB-CB2952AB4555}.Release|x64.ActiveCfg = Release|Any CPU
		{32FD2D65-2103-40A4-A8CB-CB2952AB4555}.Release|x64.Build.0 = Release|Any CPU
		{32FD2D65-2103-40A4-A8CB-CB2952AB4555}.Release|x64.Deploy.0 = Release|Any CPU
		{32FD2D65-2103-40A4-A8CB-CB2952AB4555}.Release|x86.ActiveCfg = Release|Any CPU
		{32FD2D65-2103-40A4-A8CB-CB2952AB4555}.Release|x86.Build.0 = Release|Any CPU
		{32FD2D65-2103-40A4-A8CB-CB2952AB4555}.Release|x86.Deploy.0 = Release|Any CPU
	EndGlobalSection
	GlobalSection(SolutionProperties) = preSolution
		HideSolutionNode = FALSE
	EndGlobalSection
	GlobalSection(ExtensibilityGlobals) = postSolution
		SolutionGuid = {F32F8A50-CD51-43D0-86C7-7B3E9AB7B6E9}
	EndGlobalSection
EndGlobal
